
Microsoft Visual Studio Solution File, Format Version 12.00
# Visual Studio Version 17
VisualStudioVersion = 17.0.32112.339
MinimumVisualStudioVersion = 10.0.40219.1
Project("{FAE04EC0-301F-11D3-BF4B-00C04F79EFBC}") = "CSI124 Static  Lecture8", "CSI124 Static  Lecture8\CSI124 Static  Lecture8.csproj", "{D760CFE3-F4A2-4C35-874F-537D18621D05}"
EndProject
Project("{2150E333-8FDC-42A3-9474-1A3956D46DE8}") = "Solution Items", "Solution Items", "{EE1107B5-8DE5-43F5-A308-9DF551A5BA7B}"
	ProjectSection(SolutionItems) = preProject
		.editorconfig = .editorconfig
	EndProjectSection
EndProject
Global
	GlobalSection(SolutionConfigurationPlatforms) = preSolution
		Debug|Any CPU = Debug|Any CPU
		Release|Any CPU = Release|Any CPU
	EndGlobalSection
	GlobalSection(ProjectConfigurationPlatforms) = postSolution
		{D760CFE3-F4A2-4C35-874F-537D18621D05}.Debug|Any CPU.ActiveCfg = Debug|Any CPU
		{D760CFE3-F4A2-4C35-874F-537D18621D05}.Debug|Any CPU.Build.0 = Debug|Any CPU
		{D760CFE3-F4A2-4C35-874F-537D18621D05}.Release|Any CPU.ActiveCfg = Release|Any CPU
		{D760CFE3-F4A2-4C35-874F-537D18621D05}.Release|Any CPU.Build.0 = Release|Any CPU
	EndGlobalSection
	GlobalSection(SolutionProperties) = preSolution
		HideSolutionNode = FALSE
	EndGlobalSection
	GlobalSection(ExtensibilityGlobals) = postSolution
		SolutionGuid = {91F974F2-29EB-4FF3-BCA8-67C97CA0DC67}
	EndGlobalSection
EndGlobal
